
Microsoft Visual Studio Solution File, Format Version 10.00
# Visual Studio 2008
Project("{FAE04EC0-301F-11D3-BF4B-00C04F79EFBC}") = "FunctionalProgramming", "FunctionalProgramming.csproj", "{BEF9D992-6D01-495F-89E8-6F88D7FBB6FF}"
EndProject
Global
	GlobalSection(SolutionConfigurationPlatforms) = preSolution
		Debug|Any CPU = Debug|Any CPU
		Release|Any CPU = Release|Any CPU
	EndGlobalSection
	GlobalSection(ProjectConfigurationPlatforms) = postSolution
		{BEF9D992-6D01-495F-89E8-6F88D7FBB6FF}.Debug|Any CPU.ActiveCfg = Debug|Any CPU
		{BEF9D992-6D01-495F-89E8-6F88D7FBB6FF}.Debug|Any CPU.Build.0 = Debug|Any CPU
		{BEF9D992-6D01-495F-89E8-6F88D7FBB6FF}.Release|Any CPU.ActiveCfg = Release|Any CPU
		{BEF9D992-6D01-495F-89E8-6F88D7FBB6FF}.Release|Any CPU.Build.0 = Release|Any CPU
	EndGlobalSection
	GlobalSection(SolutionProperties) = preSolution
		HideSolutionNode = FALSE
	EndGlobalSection
EndGlobal
