
Microsoft Visual Studio Solution File, Format Version 10.00
# Visual Studio 2008
Project("{FAE04EC0-301F-11D3-BF4B-00C04F79EFBC}") = "Calculator", "Calculator\Calculator.csproj", "{7145E1BE-BD7A-4DA1-8C9B-8497657B1B07}"
EndProject
Project("{FAE04EC0-301F-11D3-BF4B-00C04F79EFBC}") = "TestCalculator", "TestCalculator\TestCalculator.csproj", "{88214180-DA34-473B-9BCF-FBE384F39C16}"
EndProject
Global
	GlobalSection(SolutionConfigurationPlatforms) = preSolution
		Debug|Any CPU = Debug|Any CPU
		Release|Any CPU = Release|Any CPU
	EndGlobalSection
	GlobalSection(ProjectConfigurationPlatforms) = postSolution
		{7145E1BE-BD7A-4DA1-8C9B-8497657B1B07}.Debug|Any CPU.ActiveCfg = Debug|Any CPU
		{7145E1BE-BD7A-4DA1-8C9B-8497657B1B07}.Debug|Any CPU.Build.0 = Debug|Any CPU
		{7145E1BE-BD7A-4DA1-8C9B-8497657B1B07}.Release|Any CPU.ActiveCfg = Release|Any CPU
		{7145E1BE-BD7A-4DA1-8C9B-8497657B1B07}.Release|Any CPU.Build.0 = Release|Any CPU
		{88214180-DA34-473B-9BCF-FBE384F39C16}.Debug|Any CPU.ActiveCfg = Debug|Any CPU
		{88214180-DA34-473B-9BCF-FBE384F39C16}.Debug|Any CPU.Build.0 = Debug|Any CPU
		{88214180-DA34-473B-9BCF-FBE384F39C16}.Release|Any CPU.ActiveCfg = Release|Any CPU
		{88214180-DA34-473B-9BCF-FBE384F39C16}.Release|Any CPU.Build.0 = Release|Any CPU
	EndGlobalSection
	GlobalSection(SolutionProperties) = preSolution
		HideSolutionNode = FALSE
	EndGlobalSection
EndGlobal
