
Microsoft Visual Studio Solution File, Format Version 10.00
# Visual Studio Codename Orcas
Project("{FAE04EC0-301F-11D3-BF4B-00C04F79EFBC}") = "LibLightingSystem", "LibLightingSystem\LibLightingSystem.csproj", "{45C9183F-FE18-43C9-9C8A-8FF77F79838C}"
EndProject
Project("{FAE04EC0-301F-11D3-BF4B-00C04F79EFBC}") = "TestLightingSystem", "TestLightingSystem\TestLightingSystem.csproj", "{58F18FB6-BCD3-4444-AF63-3A0C50324B29}"
EndProject
Project("{FAE04EC0-301F-11D3-BF4B-00C04F79EFBC}") = "Museum", "Museum\Museum.csproj", "{4829D271-A81C-49BF-98C3-E67C211CC185}"
EndProject
Project("{FAE04EC0-301F-11D3-BF4B-00C04F79EFBC}") = "Home", "Home\Home.csproj", "{A117FE13-6712-4599-B292-9E77DD4E3E5F}"
EndProject
Global
	GlobalSection(SolutionConfigurationPlatforms) = preSolution
		Debug|Any CPU = Debug|Any CPU
		Release|Any CPU = Release|Any CPU
	EndGlobalSection
	GlobalSection(ProjectConfigurationPlatforms) = postSolution
		{45C9183F-FE18-43C9-9C8A-8FF77F79838C}.Debug|Any CPU.ActiveCfg = Debug|Any CPU
		{45C9183F-FE18-43C9-9C8A-8FF77F79838C}.Debug|Any CPU.Build.0 = Debug|Any CPU
		{45C9183F-FE18-43C9-9C8A-8FF77F79838C}.Release|Any CPU.ActiveCfg = Release|Any CPU
		{45C9183F-FE18-43C9-9C8A-8FF77F79838C}.Release|Any CPU.Build.0 = Release|Any CPU
		{58F18FB6-BCD3-4444-AF63-3A0C50324B29}.Debug|Any CPU.ActiveCfg = Debug|Any CPU
		{58F18FB6-BCD3-4444-AF63-3A0C50324B29}.Debug|Any CPU.Build.0 = Debug|Any CPU
		{58F18FB6-BCD3-4444-AF63-3A0C50324B29}.Release|Any CPU.ActiveCfg = Release|Any CPU
		{58F18FB6-BCD3-4444-AF63-3A0C50324B29}.Release|Any CPU.Build.0 = Release|Any CPU
		{4829D271-A81C-49BF-98C3-E67C211CC185}.Debug|Any CPU.ActiveCfg = Debug|Any CPU
		{4829D271-A81C-49BF-98C3-E67C211CC185}.Debug|Any CPU.Build.0 = Debug|Any CPU
		{4829D271-A81C-49BF-98C3-E67C211CC185}.Release|Any CPU.ActiveCfg = Release|Any CPU
		{4829D271-A81C-49BF-98C3-E67C211CC185}.Release|Any CPU.Build.0 = Release|Any CPU
		{A117FE13-6712-4599-B292-9E77DD4E3E5F}.Debug|Any CPU.ActiveCfg = Debug|Any CPU
		{A117FE13-6712-4599-B292-9E77DD4E3E5F}.Debug|Any CPU.Build.0 = Debug|Any CPU
		{A117FE13-6712-4599-B292-9E77DD4E3E5F}.Release|Any CPU.ActiveCfg = Release|Any CPU
		{A117FE13-6712-4599-B292-9E77DD4E3E5F}.Release|Any CPU.Build.0 = Release|Any CPU
	EndGlobalSection
	GlobalSection(SolutionProperties) = preSolution
		HideSolutionNode = FALSE
	EndGlobalSection
EndGlobal
