
Microsoft Visual Studio Solution File, Format Version 10.00
# Visual Studio 2008
Project("{FAE04EC0-301F-11D3-BF4B-00C04F79EFBC}") = "RemainingTopics", "RemainingTopics\RemainingTopics.csproj", "{6B14BEC5-CF55-4D60-9EFD-76C11D540A55}"
EndProject
Global
	GlobalSection(SolutionConfigurationPlatforms) = preSolution
		Debug|Any CPU = Debug|Any CPU
		Release|Any CPU = Release|Any CPU
	EndGlobalSection
	GlobalSection(ProjectConfigurationPlatforms) = postSolution
		{6B14BEC5-CF55-4D60-9EFD-76C11D540A55}.Debug|Any CPU.ActiveCfg = Debug|Any CPU
		{6B14BEC5-CF55-4D60-9EFD-76C11D540A55}.Debug|Any CPU.Build.0 = Debug|Any CPU
		{6B14BEC5-CF55-4D60-9EFD-76C11D540A55}.Release|Any CPU.ActiveCfg = Release|Any CPU
		{6B14BEC5-CF55-4D60-9EFD-76C11D540A55}.Release|Any CPU.Build.0 = Release|Any CPU
	EndGlobalSection
	GlobalSection(SolutionProperties) = preSolution
		HideSolutionNode = FALSE
	EndGlobalSection
EndGlobal
