
Microsoft Visual Studio Solution File, Format Version 10.00
# Visual C# Express Codename Orcas
Project("{FAE04EC0-301F-11D3-BF4B-00C04F79EFBC}") = "JugglingTasks", "JugglingTasks\JugglingTasks.csproj", "{D52286B7-26EA-4186-8798-64F95B06780C}"
EndProject
Global
	GlobalSection(SolutionConfigurationPlatforms) = preSolution
		Debug|Any CPU = Debug|Any CPU
		Release|Any CPU = Release|Any CPU
	EndGlobalSection
	GlobalSection(ProjectConfigurationPlatforms) = postSolution
		{D52286B7-26EA-4186-8798-64F95B06780C}.Debug|Any CPU.ActiveCfg = Debug|Any CPU
		{D52286B7-26EA-4186-8798-64F95B06780C}.Debug|Any CPU.Build.0 = Debug|Any CPU
		{D52286B7-26EA-4186-8798-64F95B06780C}.Release|Any CPU.ActiveCfg = Release|Any CPU
		{D52286B7-26EA-4186-8798-64F95B06780C}.Release|Any CPU.Build.0 = Release|Any CPU
	EndGlobalSection
	GlobalSection(SolutionProperties) = preSolution
		HideSolutionNode = FALSE
	EndGlobalSection
EndGlobal
