
Microsoft Visual Studio Solution File, Format Version 10.00
# Visual C# Express Codename Orcas
Project("{FAE04EC0-301F-11D3-BF4B-00C04F79EFBC}") = "TextProcessor", "TextProcessor\TextProcessor.csproj", "{CA059846-1964-45B8-9DCB-45612176449F}"
EndProject
Project("{FAE04EC0-301F-11D3-BF4B-00C04F79EFBC}") = "ReaderWriter", "ReaderWriter\ReaderWriter.csproj", "{E0FEC81F-79F6-4DE0-82F6-B88E7EEFCE1B}"
EndProject
Project("{FAE04EC0-301F-11D3-BF4B-00C04F79EFBC}") = "Text2Binary", "Text2Binary\Text2Binary.csproj", "{6C66E2BB-8C35-4C88-B02E-FE2011F9B147}"
EndProject
Project("{FAE04EC0-301F-11D3-BF4B-00C04F79EFBC}") = "LottoLibrary", "LottoLibrary\LottoLibrary.csproj", "{91369B74-6720-4F52-9FA7-40A3AB32C1DC}"
EndProject
Project("{FAE04EC0-301F-11D3-BF4B-00C04F79EFBC}") = "Binary2Text", "Binary2Text\Binary2Text.csproj", "{B14A2430-A467-47C3-BC23-7882ED248779}"
EndProject
Global
	GlobalSection(SolutionConfigurationPlatforms) = preSolution
		Debug|Any CPU = Debug|Any CPU
		Release|Any CPU = Release|Any CPU
	EndGlobalSection
	GlobalSection(ProjectConfigurationPlatforms) = postSolution
		{CA059846-1964-45B8-9DCB-45612176449F}.Debug|Any CPU.ActiveCfg = Debug|Any CPU
		{CA059846-1964-45B8-9DCB-45612176449F}.Debug|Any CPU.Build.0 = Debug|Any CPU
		{CA059846-1964-45B8-9DCB-45612176449F}.Release|Any CPU.ActiveCfg = Release|Any CPU
		{CA059846-1964-45B8-9DCB-45612176449F}.Release|Any CPU.Build.0 = Release|Any CPU
		{E0FEC81F-79F6-4DE0-82F6-B88E7EEFCE1B}.Debug|Any CPU.ActiveCfg = Debug|Any CPU
		{E0FEC81F-79F6-4DE0-82F6-B88E7EEFCE1B}.Debug|Any CPU.Build.0 = Debug|Any CPU
		{E0FEC81F-79F6-4DE0-82F6-B88E7EEFCE1B}.Release|Any CPU.ActiveCfg = Release|Any CPU
		{E0FEC81F-79F6-4DE0-82F6-B88E7EEFCE1B}.Release|Any CPU.Build.0 = Release|Any CPU
		{6C66E2BB-8C35-4C88-B02E-FE2011F9B147}.Debug|Any CPU.ActiveCfg = Debug|Any CPU
		{6C66E2BB-8C35-4C88-B02E-FE2011F9B147}.Debug|Any CPU.Build.0 = Debug|Any CPU
		{6C66E2BB-8C35-4C88-B02E-FE2011F9B147}.Release|Any CPU.ActiveCfg = Release|Any CPU
		{6C66E2BB-8C35-4C88-B02E-FE2011F9B147}.Release|Any CPU.Build.0 = Release|Any CPU
		{91369B74-6720-4F52-9FA7-40A3AB32C1DC}.Debug|Any CPU.ActiveCfg = Debug|Any CPU
		{91369B74-6720-4F52-9FA7-40A3AB32C1DC}.Debug|Any CPU.Build.0 = Debug|Any CPU
		{91369B74-6720-4F52-9FA7-40A3AB32C1DC}.Release|Any CPU.ActiveCfg = Release|Any CPU
		{91369B74-6720-4F52-9FA7-40A3AB32C1DC}.Release|Any CPU.Build.0 = Release|Any CPU
		{B14A2430-A467-47C3-BC23-7882ED248779}.Debug|Any CPU.ActiveCfg = Debug|Any CPU
		{B14A2430-A467-47C3-BC23-7882ED248779}.Debug|Any CPU.Build.0 = Debug|Any CPU
		{B14A2430-A467-47C3-BC23-7882ED248779}.Release|Any CPU.ActiveCfg = Release|Any CPU
		{B14A2430-A467-47C3-BC23-7882ED248779}.Release|Any CPU.Build.0 = Release|Any CPU
	EndGlobalSection
	GlobalSection(SolutionProperties) = preSolution
		HideSolutionNode = FALSE
	EndGlobalSection
EndGlobal
